
Microsoft Visual Studio Solution File, Format Version 12.00
# Visual Studio Version 17
VisualStudioVersion = 17.7.34202.233
MinimumVisualStudioVersion = 10.0.40219.1
Project("{FAE04EC0-301F-11D3-BF4B-00C04F79EFBC}") = "FilterDemoMVC", "FilterDemoMVC.csproj", "{EBF0985E-AEED-4FE5-BB91-AC00596E1069}"
EndProject
Global
	GlobalSection(SolutionConfigurationPlatforms) = preSolution
		Debug|Any CPU = Debug|Any CPU
		Release|Any CPU = Release|Any CPU
	EndGlobalSection
	GlobalSection(ProjectConfigurationPlatforms) = postSolution
		{EBF0985E-AEED-4FE5-BB91-AC00596E1069}.Debug|Any CPU.ActiveCfg = Debug|Any CPU
		{EBF0985E-AEED-4FE5-BB91-AC00596E1069}.Debug|Any CPU.Build.0 = Debug|Any CPU
		{EBF0985E-AEED-4FE5-BB91-AC00596E1069}.Release|Any CPU.ActiveCfg = Release|Any CPU
		{EBF0985E-AEED-4FE5-BB91-AC00596E1069}.Release|Any CPU.Build.0 = Release|Any CPU
	EndGlobalSection
	GlobalSection(SolutionProperties) = preSolution
		HideSolutionNode = FALSE
	EndGlobalSection
	GlobalSection(ExtensibilityGlobals) = postSolution
		SolutionGuid = {EA48CF16-048F-45FB-811E-E0099AF6945C}
	EndGlobalSection
EndGlobal
